
Microsoft Visual Studio Solution File, Format Version 12.00
# Visual Studio 2012
Project("{FAE04EC0-301F-11D3-BF4B-00C04F79EFBC}") = "ImportExportTest.CLI", "ImportExportTest.CLI\ImportExportTest.CLI.csproj", "{D3E90020-44EE-4A5A-A6B2-D09ED10F734D}"
EndProject
Project("{FAE04EC0-301F-11D3-BF4B-00C04F79EFBC}") = "ImportExportTest.Core", "ImportExportTest.Core\ImportExportTest.Core.csproj", "{7AAC49AD-810F-447E-9275-A2EFC777742F}"
EndProject
Project("{FAE04EC0-301F-11D3-BF4B-00C04F79EFBC}") = "ImportExportTest.Tests", "ImportExportTest.Tests\ImportExportTest.Tests.csproj", "{83C89D11-8DFE-4B46-8EA9-EA81FB4305A3}"
EndProject
Global
	GlobalSection(SolutionConfigurationPlatforms) = preSolution
		Debug|Any CPU = Debug|Any CPU
		Release|Any CPU = Release|Any CPU
	EndGlobalSection
	GlobalSection(ProjectConfigurationPlatforms) = postSolution
		{D3E90020-44EE-4A5A-A6B2-D09ED10F734D}.Debug|Any CPU.ActiveCfg = Debug|Any CPU
		{D3E90020-44EE-4A5A-A6B2-D09ED10F734D}.Debug|Any CPU.Build.0 = Debug|Any CPU
		{D3E90020-44EE-4A5A-A6B2-D09ED10F734D}.Release|Any CPU.ActiveCfg = Release|Any CPU
		{D3E90020-44EE-4A5A-A6B2-D09ED10F734D}.Release|Any CPU.Build.0 = Release|Any CPU
		{7AAC49AD-810F-447E-9275-A2EFC777742F}.Debug|Any CPU.ActiveCfg = Debug|Any CPU
		{7AAC49AD-810F-447E-9275-A2EFC777742F}.Debug|Any CPU.Build.0 = Debug|Any CPU
		{7AAC49AD-810F-447E-9275-A2EFC777742F}.Release|Any CPU.ActiveCfg = Release|Any CPU
		{7AAC49AD-810F-447E-9275-A2EFC777742F}.Release|Any CPU.Build.0 = Release|Any CPU
		{83C89D11-8DFE-4B46-8EA9-EA81FB4305A3}.Debug|Any CPU.ActiveCfg = Debug|Any CPU
		{83C89D11-8DFE-4B46-8EA9-EA81FB4305A3}.Debug|Any CPU.Build.0 = Debug|Any CPU
		{83C89D11-8DFE-4B46-8EA9-EA81FB4305A3}.Release|Any CPU.ActiveCfg = Release|Any CPU
		{83C89D11-8DFE-4B46-8EA9-EA81FB4305A3}.Release|Any CPU.Build.0 = Release|Any CPU
	EndGlobalSection
	GlobalSection(SolutionProperties) = preSolution
		HideSolutionNode = FALSE
	EndGlobalSection
EndGlobal
